
Microsoft Visual Studio Solution File, Format Version 12.00
# Visual Studio Version 17
VisualStudioVersion = 17.7.34221.43
MinimumVisualStudioVersion = 10.0.40219.1
Project("{FAE04EC0-301F-11D3-BF4B-00C04F79EFBC}") = "gittest", "gittest.csproj", "{1896C9DE-C44E-477E-8C8F-BE4AF09BFC79}"
EndProject
Global
	GlobalSection(SolutionConfigurationPlatforms) = preSolution
		Debug|Any CPU = Debug|Any CPU
		Release|Any CPU = Release|Any CPU
	EndGlobalSection
	GlobalSection(ProjectConfigurationPlatforms) = postSolution
		{1896C9DE-C44E-477E-8C8F-BE4AF09BFC79}.Debug|Any CPU.ActiveCfg = Debug|Any CPU
		{1896C9DE-C44E-477E-8C8F-BE4AF09BFC79}.Debug|Any CPU.Build.0 = Debug|Any CPU
		{1896C9DE-C44E-477E-8C8F-BE4AF09BFC79}.Release|Any CPU.ActiveCfg = Release|Any CPU
		{1896C9DE-C44E-477E-8C8F-BE4AF09BFC79}.Release|Any CPU.Build.0 = Release|Any CPU
	EndGlobalSection
	GlobalSection(SolutionProperties) = preSolution
		HideSolutionNode = FALSE
	EndGlobalSection
	GlobalSection(ExtensibilityGlobals) = postSolution
		SolutionGuid = {8FAB1278-9BD5-4055-90C8-B620DB0DBB8E}
	EndGlobalSection
EndGlobal
